
Microsoft Visual Studio Solution File, Format Version 12.00
# Visual Studio Version 17
VisualStudioVersion = 17.8.34511.84
MinimumVisualStudioVersion = 10.0.40219.1
Project("{9A19103F-16F7-4668-BE54-9A1E7A4F7556}") = "Esms.API", "Esms.API\Esms.API.csproj", "{8F8187B7-BF6D-49EB-A8D5-4B6F0C48DEA5}"
EndProject
Project("{9A19103F-16F7-4668-BE54-9A1E7A4F7556}") = "Esms.SQLite", "Esms.SQLite\Esms.SQLite.csproj", "{43206166-5828-4490-B447-1D8B723F5FF1}"
EndProject
Project("{9A19103F-16F7-4668-BE54-9A1E7A4F7556}") = "Esms.Business", "Esms.Business\Esms.Business.csproj", "{3E3BC00C-61B0-48DA-A9EC-149B89CDCA9C}"
EndProject
Project("{9A19103F-16F7-4668-BE54-9A1E7A4F7556}") = "Esms.DependencyInjection", "Esms.DependencyInjection\Esms.DependencyInjection.csproj", "{09BADB70-71A2-4482-AFA6-D825F764AF8D}"
EndProject
Project("{FAE04EC0-301F-11D3-BF4B-00C04F79EFBC}") = "Esms.Business.Test", "Esms.Business.Test\Esms.Business.Test.csproj", "{DCD53094-603E-4196-BD98-34A03D117B3A}"
EndProject
Project("{FAE04EC0-301F-11D3-BF4B-00C04F79EFBC}") = "Esms.App", "Esms.App\Esms.App.csproj", "{B1CF9021-AA9B-44CD-A706-FB0AF87B1528}"
EndProject
Global
	GlobalSection(SolutionConfigurationPlatforms) = preSolution
		Debug|Any CPU = Debug|Any CPU
		Release|Any CPU = Release|Any CPU
	EndGlobalSection
	GlobalSection(ProjectConfigurationPlatforms) = postSolution
		{8F8187B7-BF6D-49EB-A8D5-4B6F0C48DEA5}.Debug|Any CPU.ActiveCfg = Debug|Any CPU
		{8F8187B7-BF6D-49EB-A8D5-4B6F0C48DEA5}.Debug|Any CPU.Build.0 = Debug|Any CPU
		{8F8187B7-BF6D-49EB-A8D5-4B6F0C48DEA5}.Release|Any CPU.ActiveCfg = Release|Any CPU
		{8F8187B7-BF6D-49EB-A8D5-4B6F0C48DEA5}.Release|Any CPU.Build.0 = Release|Any CPU
		{43206166-5828-4490-B447-1D8B723F5FF1}.Debug|Any CPU.ActiveCfg = Debug|Any CPU
		{43206166-5828-4490-B447-1D8B723F5FF1}.Debug|Any CPU.Build.0 = Debug|Any CPU
		{43206166-5828-4490-B447-1D8B723F5FF1}.Release|Any CPU.ActiveCfg = Release|Any CPU
		{43206166-5828-4490-B447-1D8B723F5FF1}.Release|Any CPU.Build.0 = Release|Any CPU
		{3E3BC00C-61B0-48DA-A9EC-149B89CDCA9C}.Debug|Any CPU.ActiveCfg = Debug|Any CPU
		{3E3BC00C-61B0-48DA-A9EC-149B89CDCA9C}.Debug|Any CPU.Build.0 = Debug|Any CPU
		{3E3BC00C-61B0-48DA-A9EC-149B89CDCA9C}.Release|Any CPU.ActiveCfg = Release|Any CPU
		{3E3BC00C-61B0-48DA-A9EC-149B89CDCA9C}.Release|Any CPU.Build.0 = Release|Any CPU
		{09BADB70-71A2-4482-AFA6-D825F764AF8D}.Debug|Any CPU.ActiveCfg = Debug|Any CPU
		{09BADB70-71A2-4482-AFA6-D825F764AF8D}.Debug|Any CPU.Build.0 = Debug|Any CPU
		{09BADB70-71A2-4482-AFA6-D825F764AF8D}.Release|Any CPU.ActiveCfg = Release|Any CPU
		{09BADB70-71A2-4482-AFA6-D825F764AF8D}.Release|Any CPU.Build.0 = Release|Any CPU
		{DCD53094-603E-4196-BD98-34A03D117B3A}.Debug|Any CPU.ActiveCfg = Debug|Any CPU
		{DCD53094-603E-4196-BD98-34A03D117B3A}.Debug|Any CPU.Build.0 = Debug|Any CPU
		{DCD53094-603E-4196-BD98-34A03D117B3A}.Release|Any CPU.ActiveCfg = Release|Any CPU
		{DCD53094-603E-4196-BD98-34A03D117B3A}.Release|Any CPU.Build.0 = Release|Any CPU
		{B1CF9021-AA9B-44CD-A706-FB0AF87B1528}.Debug|Any CPU.ActiveCfg = Debug|Any CPU
		{B1CF9021-AA9B-44CD-A706-FB0AF87B1528}.Debug|Any CPU.Build.0 = Debug|Any CPU
		{B1CF9021-AA9B-44CD-A706-FB0AF87B1528}.Release|Any CPU.ActiveCfg = Release|Any CPU
		{B1CF9021-AA9B-44CD-A706-FB0AF87B1528}.Release|Any CPU.Build.0 = Release|Any CPU
	EndGlobalSection
	GlobalSection(SolutionProperties) = preSolution
		HideSolutionNode = FALSE
	EndGlobalSection
	GlobalSection(ExtensibilityGlobals) = postSolution
		SolutionGuid = {04A04328-9997-4A0E-8C8A-F6120ECA30E9}
	EndGlobalSection
EndGlobal
